# This file was autogenerated by Stack.
# You should not edit this file by hand.
# For more information, please see the documentation at:
#   https://docs.haskellstack.org/en/stable/lock_files

packages:
- completed:
    hackage: mtl-2.3.1@sha256:5377696d7315e2ef31a8d15d67b22d733c20cac2caf8b26756ff8524c8217e6d,1868
    pantry-tree:
      sha256: ac3cf1dc9ef397512d4bf8f2c3fbe4d64fb8aabd253288b34bf86c09ae234d4f
      size: 1853
  original:
    hackage: mtl-2.3.1
- completed:
    hackage: containers-0.6.6@sha256:008d007dfff018954e05ecdb8d628d8e32531f7dc3c6bb7e9bd55118c1224514,2589
    pantry-tree:
      sha256: de48bcf6b468c4793bbdd22f969d940bfe74425c74654b0efbf0487792c239b5
      size: 2822
  original:
    hackage: containers-0.6.6
- completed:
    hackage: parsec-3.1.16.1@sha256:5769242043b01bf759b07b7efedcb19607837ee79015fcddde34645664136aed,4691
    pantry-tree:
      sha256: aee875443fc603500dcfcb5bea5c116ebcb990037abcf17e8d7020e493a51476
      size: 2698
  original:
    hackage: parsec-3.1.16.1
- completed:
    hackage: transformers-0.6.0.6@sha256:f5f737c9a6a0a3616dd2860b85808b4d0474672a1de42cfc0051648f136f5d07,3146
    pantry-tree:
      sha256: fd85af7d82f9004fae89fce88dff03c51a0f7083b89beee067ed13195d3c13c0
      size: 2376
  original:
    hackage: transformers-0.6.0.6
snapshots:
- completed:
    sha256: 6546228e77c2427d9a386e20c22051a204464e4f4d133b51e74be16a33d9e650
    size: 596588
    url: https://raw.githubusercontent.com/commercialhaskell/stackage-snapshots/master/nightly/2023/1/31.yaml
  original: nightly-2023-01-31
